PODS:
  - PromiseKit/CorePromise (6.8.4)
  - SDWebImage (5.0.2):
    - SDWebImage/Core (= 5.0.2)
  - SDWebImage/Core (5.0.2)
  - SnapKit (5.0.0)
  - Spider-Web (1.5.1):
    - PromiseKit/CorePromise (~> 6.8)
    - SDWebImage (~> 5.0)

DEPENDENCIES:
  - SnapKit (~> 5.0)
  - Spider-Web (from `../`)

SPEC REPOS:
  https://github.com/cocoapods/specs.git:
    - PromiseKit
    - SDWebImage
    - SnapKit

EXTERNAL SOURCES:
  Spider-Web:
    :path: "../"

SPEC CHECKSUMS:
  PromiseKit: 51794a832647e7b819336dc2279039ce9f1cc49b
  SDWebImage: 6764b5fa0f73c203728052955dbefa2bf1f33282
  SnapKit: fd22d10eb9aff484d79a8724eab922c1ddf89bcf
  Spider-Web: ce713d19d7c07e9e64c1756cccff327684597369

PODFILE CHECKSUM: 471a916cb6edb07b0491edab949b74c12f04071e

COCOAPODS: 1.6.1
