PODS:
  - Kingfisher (5.8.3):
    - Kingfisher/Core (= 5.8.3)
  - Kingfisher/Core (5.8.3)
  - PromiseKit/CorePromise (6.2.5)
  - SnapKit (4.0.0)
  - Spider-Web (1.4.0):
    - Kingfisher (~> 5.8.0)
    - PromiseKit/CorePromise (~> 6.0)

DEPENDENCIES:
  - SnapKit (~> 4.0.0)
  - Spider-Web (from `../`)

SPEC REPOS:
  https://github.com/cocoapods/specs.git:
    - Kingfisher
    - PromiseKit
    - SnapKit

EXTERNAL SOURCES:
  Spider-Web:
    :path: "../"

SPEC CHECKSUMS:
  Kingfisher: b7e4cb65ff24c264bd2a1284b75b974d907afd94
  PromiseKit: a26828b0a8d5874960dfdb575b57a70790ec36f1
  SnapKit: a42d492c16e80209130a3379f73596c3454b7694
  Spider-Web: 131ed9fce1a4c15ebf92e77e2dc75dd88adb1c5f

PODFILE CHECKSUM: 372cd911a749616e1d35c2206885fade55011133

COCOAPODS: 1.7.5
