{
  "object": {
    "pins": [
      {
        "package": "CombineExt",
        "repositoryURL": "https://github.com/CombineCommunity/CombineExt",
        "state": {
          "branch": null,
          "revision": "d7b896fa9ca8b47fa7bcde6b43ef9b70bf8c1f56",
          "version": "1.8.1"
        }
      },
      {
        "package": "Espresso",
        "repositoryURL": "https://github.com/mitchtreece/Espresso",
        "state": {
          "branch": null,
          "revision": "0464b1c0e488dce46da7dfe1ba2060fcd29b89f7",
          "version": "3.1.6"
        }
      },
      {
        "package": "Kingfisher",
        "repositoryURL": "https://github.com/onevcat/Kingfisher",
        "state": {
          "branch": null,
          "revision": "af4be924ad984cf4d16f4ae4df424e79a443d435",
          "version": "7.6.2"
        }
      },
      {
        "package": "PromiseKit",
        "repositoryURL": "https://github.com/mxcl/PromiseKit",
        "state": {
          "branch": null,
          "revision": "8a98e31a47854d3180882c8068cc4d9381bf382d",
          "version": "6.22.1"
        }
      },
      {
        "package": "Reachability",
        "repositoryURL": "https://github.com/ashleymills/Reachability.swift",
        "state": {
          "branch": null,
          "revision": "c01bbdf2d633cf049ae1ed1a68a2020a8bda32e2",
          "version": "5.1.0"
        }
      },
      {
        "package": "SnapKit",
        "repositoryURL": "https://github.com/SnapKit/SnapKit.git",
        "state": {
          "branch": null,
          "revision": "f222cbdf325885926566172f6f5f06af95473158",
          "version": "5.6.0"
        }
      }
    ]
  },
  "version": 1
}
